%{
  "brod": {:hex, :brod, "3.12.0", "39fbe2afeea0db6c2dc46b55544e2ed3db911867da45d3935dba2803762766eb", [:rebar3], [{:kafka_protocol, "2.3.6", [hex: :kafka_protocol, repo: "hexpm", optional: false]}, {:supervisor3, "1.1.8", [hex: :supervisor3, repo: "hexpm", optional: false]}], "hexpm"},
  "crc32cer": {:hex, :crc32cer, "0.1.4", "a656dff19474d1a1fc5bb0081610ab6b0695b23affc47fa90abeb079a8ef9752", [:rebar3], [], "hexpm"},
  "divo": {:hex, :divo, "1.2.0", "47e2bc4f4ec840d9eea2ffc61a599e82eb1f5f6098b93f41d9108fb48611166d", [:mix], [{:jason, "~> 1.1", [hex: :jason, repo: "hexpm", optional: false]}, {:patiently, "~> 0.2", [hex: :patiently, repo: "hexpm", optional: false]}], "hexpm"},
  "divo_kafka": {:hex, :divo_kafka, "0.1.6", "dffaa5d419d75e6607b581187347e6fef18b9d06d517a0f7a49772b52f60115f", [:mix], [{:divo, "~> 1.1", [hex: :divo, repo: "hexpm", optional: false]}], "hexpm"},
  "elsa": {:hex, :elsa, "0.12.3", "980296206524e47a9ecf7c11ff45e8f4ffcd7656a914484fe8b72c28591267ef", [:mix], [{:brod, "~> 3.9", [hex: :brod, repo: "hexpm", optional: false]}], "hexpm"},
  "jason": {:hex, :jason, "1.2.1", "12b22825e22f468c02eb3e4b9985f3d0cb8dc40b9bd704730efa11abd2708c44", [:mix], [{:decimal, "~> 1.0", [hex: :decimal, repo: "hexpm", optional: true]}], "hexpm"},
  "kafka_protocol": {:hex, :kafka_protocol, "2.3.6", "df076a8ef49fffae3535c805cb00f3a057ce1895e63398bf8a10569eeeac02f8", [:rebar, :rebar3], [{:crc32cer, "0.1.4", [hex: :crc32cer, repo: "hexpm", optional: false]}, {:snappyer, "1.2.5", [hex: :snappyer, repo: "hexpm", optional: false]}], "hexpm"},
  "patiently": {:hex, :patiently, "0.2.0", "67eb139591e10c4b363ae0198e832552f191c58894731efd3bf124ec4722267a", [:mix], [], "hexpm"},
  "snappyer": {:hex, :snappyer, "1.2.5", "9154b9ac84031f0a799f72a4aa87df23ab2193b5631475fa2cdc304382d2df77", [:rebar3], [], "hexpm"},
  "supervisor3": {:hex, :supervisor3, "1.1.8", "5cf95c95342b589ec8d74689eea0646c0a3eb92820241e0c2d0ca4c104df92bc", [:make, :rebar, :rebar3], [], "hexpm"},
}
